
Microsoft Visual Studio Solution File, Format Version 12.00
# Visual Studio 15
VisualStudioVersion = 15.0.26430.6
MinimumVisualStudioVersion = 10.0.40219.1
Project("{FAE04EC0-301F-11D3-BF4B-00C04F79EFBC}") = "NETLock", "NETLock\NETLock.csproj", "{1B557FAE-88D6-4AB5-A91D-3E74258C0670}"
EndProject
Project("{FAE04EC0-301F-11D3-BF4B-00C04F79EFBC}") = "ExampleApplicationFreeRegistration", "ExampleApplication\ExampleApplicationFreeRegistration.csproj", "{CE9FD2AE-65F6-4DC5-876C-9DFE47443941}"
EndProject
Project("{FAE04EC0-301F-11D3-BF4B-00C04F79EFBC}") = "AdminPanel", "AdminPanel\AdminPanel.csproj", "{3E8FF649-F384-48FA-85D2-3A97A9E53428}"
EndProject
Project("{FAE04EC0-301F-11D3-BF4B-00C04F79EFBC}") = "ExampleApplicationPaidRegistration", "ExampleApplicationPaidRegistration\ExampleApplicationPaidRegistration.csproj", "{27277544-CDB1-4642-9273-FF75993D5F11}"
EndProject
Project("{2150E333-8FDC-42A3-9474-1A3956D46DE8}") = "InnerLock.cs File and Tut", "InnerLock.cs File and Tut", "{7BB6FDBA-EDE7-45E9-B56E-3EDE2419446B}"
	ProjectSection(SolutionItems) = preProject
		InnerLock.cs = InnerLock.cs
		README (About InnerLock.cs).txt = README (About InnerLock.cs).txt
	EndProjectSection
EndProject
Global
	GlobalSection(SolutionConfigurationPlatforms) = preSolution
		Debug|Any CPU = Debug|Any CPU
		Release|Any CPU = Release|Any CPU
	EndGlobalSection
	GlobalSection(ProjectConfigurationPlatforms) = postSolution
		{1B557FAE-88D6-4AB5-A91D-3E74258C0670}.Debug|Any CPU.ActiveCfg = Debug|Any CPU
		{1B557FAE-88D6-4AB5-A91D-3E74258C0670}.Debug|Any CPU.Build.0 = Debug|Any CPU
		{1B557FAE-88D6-4AB5-A91D-3E74258C0670}.Release|Any CPU.ActiveCfg = Release|Any CPU
		{1B557FAE-88D6-4AB5-A91D-3E74258C0670}.Release|Any CPU.Build.0 = Release|Any CPU
		{CE9FD2AE-65F6-4DC5-876C-9DFE47443941}.Debug|Any CPU.ActiveCfg = Debug|Any CPU
		{CE9FD2AE-65F6-4DC5-876C-9DFE47443941}.Debug|Any CPU.Build.0 = Debug|Any CPU
		{CE9FD2AE-65F6-4DC5-876C-9DFE47443941}.Release|Any CPU.ActiveCfg = Release|Any CPU
		{CE9FD2AE-65F6-4DC5-876C-9DFE47443941}.Release|Any CPU.Build.0 = Release|Any CPU
		{3E8FF649-F384-48FA-85D2-3A97A9E53428}.Debug|Any CPU.ActiveCfg = Debug|Any CPU
		{3E8FF649-F384-48FA-85D2-3A97A9E53428}.Debug|Any CPU.Build.0 = Debug|Any CPU
		{3E8FF649-F384-48FA-85D2-3A97A9E53428}.Release|Any CPU.ActiveCfg = Release|Any CPU
		{3E8FF649-F384-48FA-85D2-3A97A9E53428}.Release|Any CPU.Build.0 = Release|Any CPU
		{27277544-CDB1-4642-9273-FF75993D5F11}.Debug|Any CPU.ActiveCfg = Debug|Any CPU
		{27277544-CDB1-4642-9273-FF75993D5F11}.Debug|Any CPU.Build.0 = Debug|Any CPU
		{27277544-CDB1-4642-9273-FF75993D5F11}.Release|Any CPU.ActiveCfg = Release|Any CPU
		{27277544-CDB1-4642-9273-FF75993D5F11}.Release|Any CPU.Build.0 = Release|Any CPU
	EndGlobalSection
	GlobalSection(SolutionProperties) = preSolution
		HideSolutionNode = FALSE
	EndGlobalSection
EndGlobal
